
Microsoft Visual Studio Solution File, Format Version 12.00
# Visual Studio 15
VisualStudioVersion = 15.0.28307.852
MinimumVisualStudioVersion = 10.0.40219.1
Project("{8BC9CEB8-8B4A-11D0-8D11-00A0C91BC942}") = "darc_rpc_vs_client", "darc_rpc_vs_client\darc_rpc_vs_client.vcxproj", "{78DCEADB-1394-4FAD-B487-8B4B6395E634}"
EndProject
Global
	GlobalSection(SolutionConfigurationPlatforms) = preSolution
		Debug|x64 = Debug|x64
		Debug|x86 = Debug|x86
		Release|x64 = Release|x64
		Release|x86 = Release|x86
	EndGlobalSection
	GlobalSection(ProjectConfigurationPlatforms) = postSolution
		{78DCEADB-1394-4FAD-B487-8B4B6395E634}.Debug|x64.ActiveCfg = Debug|x64
		{78DCEADB-1394-4FAD-B487-8B4B6395E634}.Debug|x64.Build.0 = Debug|x64
		{78DCEADB-1394-4FAD-B487-8B4B6395E634}.Debug|x86.ActiveCfg = Debug|Win32
		{78DCEADB-1394-4FAD-B487-8B4B6395E634}.Debug|x86.Build.0 = Debug|Win32
		{78DCEADB-1394-4FAD-B487-8B4B6395E634}.Release|x64.ActiveCfg = Release|x64
		{78DCEADB-1394-4FAD-B487-8B4B6395E634}.Release|x64.Build.0 = Release|x64
		{78DCEADB-1394-4FAD-B487-8B4B6395E634}.Release|x86.ActiveCfg = Release|Win32
		{78DCEADB-1394-4FAD-B487-8B4B6395E634}.Release|x86.Build.0 = Release|Win32
	EndGlobalSection
	GlobalSection(SolutionProperties) = preSolution
		HideSolutionNode = FALSE
	EndGlobalSection
	GlobalSection(ExtensibilityGlobals) = postSolution
		SolutionGuid = {F2D4E541-0BD3-40D0-9BC1-4FA29545510B}
	EndGlobalSection
EndGlobal
